{
  "version": 4,
  "terraform_version": "1.15.4",
  "serial": 17,
  "lineage": "010279ca-8394-753c-0a17-2d53147d9233",
  "outputs": {},
  "resources": [
    {
      "mode": "managed",
      "type": "proxmox_virtual_environment_vm",
      "name": "web_server",
      "provider": "provider[\"registry.terraform.io/bpg/proxmox\"]",
      "instances": [
        {
          "schema_version": 0,
          "attributes": {
            "acpi": true,
            "agent": [
              {
                "enabled": true,
                "timeout": "15m",
                "trim": false,
                "type": "virtio",
                "wait_for_ip": []
              }
            ],
            "amd_sev": [],
            "audio_device": [],
            "bios": "ovmf",
            "boot_order": [
              "scsi0",
              "ide2",
              "net0"
            ],
            "cdrom": [],
            "clone": [],
            "cpu": [
              {
                "affinity": "",
                "architecture": "",
                "cores": 2,
                "flags": [],
                "hotplugged": 0,
                "limit": 0,
                "numa": false,
                "sockets": 1,
                "type": "host",
                "units": 0
              }
            ],
            "delete_unreferenced_disks_on_destroy": true,
            "description": "",
            "disk": [
              {
                "aio": "io_uring",
                "backup": true,
                "cache": "writeback",
                "datastore_id": "local-lvm",
                "discard": "on",
                "file_format": "raw",
                "file_id": "",
                "import_from": "",
                "interface": "scsi0",
                "iothread": true,
                "path_in_datastore": "vm-100-disk-1",
                "replicate": true,
                "serial": "",
                "size": 32,
                "speed": [],
                "ssd": false
              }
            ],
            "efi_disk": [
              {
                "datastore_id": "local-lvm",
                "file_format": "raw",
                "pre_enrolled_keys": false,
                "type": "4m"
              }
            ],
            "hook_script_file_id": null,
            "hostpci": [],
            "hotplug": null,
            "id": "100",
            "initialization": [],
            "ipv4_addresses": [
              [
                "127.0.0.1"
              ],
              [
                "192.168.0.211"
              ],
              [],
              [
                "10.244.0.215"
              ],
              [],
              [],
              []
            ],
            "ipv6_addresses": [
              [
                "::1"
              ],
              [
                "2001:8004:55f0:317::c65",
                "2001:8004:55f0:317:be24:11ff:fef5:cd0a",
                "fe80::be24:11ff:fef5:cd0a"
              ],
              [
                "fe80::904d:4dff:fed4:7c8"
              ],
              [
                "fe80::9c57:b1ff:feba:7e54"
              ],
              [
                "fe80::e4a6:ff:fe02:76a"
              ],
              [
                "fe80::a438:4aff:feac:f34"
              ],
              [
                "fe80::98bb:61ff:feb8:a23c"
              ]
            ],
            "keyboard_layout": "en-us",
            "kvm_arguments": "",
            "mac_addresses": [
              "00:00:00:00:00:00",
              "BC:24:11:F5:CD:0A",
              "92:4D:4D:D4:07:C8",
              "9E:57:B1:BA:7E:54",
              "E6:A6:00:02:07:6A",
              "A6:38:4A:AC:0F:34",
              "9A:BB:61:B8:A2:3C"
            ],
            "machine": "q35",
            "memory": [
              {
                "dedicated": 7168,
                "floating": 0,
                "hugepages": "",
                "keep_hugepages": false,
                "shared": 0
              }
            ],
            "migrate": false,
            "name": "cp-01",
            "network_device": [
              {
                "bridge": "vmbr0",
                "disconnected": false,
                "enabled": true,
                "firewall": false,
                "mac_address": "BC:24:11:F5:CD:0A",
                "model": "virtio",
                "mtu": 0,
                "queues": 2,
                "rate_limit": 0,
                "trunks": "",
                "vlan_id": 0
              }
            ],
            "network_interface_names": [
              "lo",
              "enp6s18",
              "cilium_net",
              "cilium_host",
              "cilium_vxlan",
              "lxc_health",
              "lxc95fa85f09a12"
            ],
            "node_name": "pve01",
            "numa": [],
            "on_boot": false,
            "operating_system": [
              {
                "type": "l26"
              }
            ],
            "pool_id": "",
            "protection": false,
            "purge_on_destroy": true,
            "reboot": false,
            "reboot_after_update": true,
            "rng": [],
            "scsi_hardware": "virtio-scsi-single",
            "serial_device": [],
            "smbios": [],
            "started": true,
            "startup": [],
            "stop_on_destroy": false,
            "tablet_device": true,
            "tags": [],
            "template": false,
            "timeout_clone": 1800,
            "timeout_create": 1800,
            "timeout_migrate": 1800,
            "timeout_move_disk": 1800,
            "timeout_reboot": 1800,
            "timeout_shutdown_vm": 1800,
            "timeout_start_vm": 1800,
            "timeout_stop_vm": 300,
            "tpm_state": [],
            "usb": [],
            "vga": [],
            "virtiofs": [],
            "vm_id": 100,
            "watchdog": []
          },
          "sensitive_attributes": [],
          "identity_schema_version": 0,
          "private": "bnVsbA=="
        }
      ]
    },
    {
      "mode": "managed",
      "type": "proxmox_virtual_environment_vm",
      "name": "web_server-cp02",
      "provider": "provider[\"registry.terraform.io/bpg/proxmox\"]",
      "instances": [
        {
          "schema_version": 0,
          "attributes": {
            "acpi": true,
            "agent": [
              {
                "enabled": true,
                "timeout": "15m",
                "trim": false,
                "type": "virtio",
                "wait_for_ip": []
              }
            ],
            "amd_sev": [],
            "audio_device": [],
            "bios": "ovmf",
            "boot_order": [
              "scsi0",
              "ide2",
              "net0"
            ],
            "cdrom": [],
            "clone": [],
            "cpu": [
              {
                "affinity": "",
                "architecture": "",
                "cores": 2,
                "flags": [],
                "hotplugged": 0,
                "limit": 0,
                "numa": false,
                "sockets": 1,
                "type": "host",
                "units": 0
              }
            ],
            "delete_unreferenced_disks_on_destroy": true,
            "description": "",
            "disk": [
              {
                "aio": "io_uring",
                "backup": true,
                "cache": "writeback",
                "datastore_id": "local-lvm",
                "discard": "on",
                "file_format": "raw",
                "file_id": "",
                "import_from": "",
                "interface": "scsi0",
                "iothread": true,
                "path_in_datastore": "vm-103-disk-1",
                "replicate": true,
                "serial": "",
                "size": 32,
                "speed": [],
                "ssd": false
              }
            ],
            "efi_disk": [
              {
                "datastore_id": "local-lvm",
                "file_format": "raw",
                "pre_enrolled_keys": false,
                "type": "4m"
              }
            ],
            "hook_script_file_id": null,
            "hostpci": [],
            "hotplug": null,
            "id": "103",
            "initialization": [],
            "ipv4_addresses": [
              [
                "127.0.0.1"
              ],
              [
                "192.168.0.212",
                "192.168.0.210"
              ],
              [],
              [
                "10.244.1.124"
              ],
              [],
              [],
              []
            ],
            "ipv6_addresses": [
              [
                "::1"
              ],
              [
                "2001:8004:55f0:317::3b8",
                "2001:8004:55f0:317:be24:11ff:feac:a94a",
                "fe80::be24:11ff:feac:a94a"
              ],
              [
                "fe80::7c13:eaff:fe2d:f927"
              ],
              [
                "fe80::60f6:96ff:fe9c:9d08"
              ],
              [
                "fe80::3807:76ff:fede:9884"
              ],
              [
                "fe80::b03b:f3ff:fe5f:b257"
              ],
              [
                "fe80::50b6:d9ff:fe4b:53f5"
              ]
            ],
            "keyboard_layout": "en-us",
            "kvm_arguments": "",
            "mac_addresses": [
              "00:00:00:00:00:00",
              "BC:24:11:AC:A9:4A",
              "7E:13:EA:2D:F9:27",
              "62:F6:96:9C:9D:08",
              "3A:07:76:DE:98:84",
              "B2:3B:F3:5F:B2:57",
              "52:B6:D9:4B:53:F5"
            ],
            "machine": "q35",
            "memory": [
              {
                "dedicated": 7168,
                "floating": 0,
                "hugepages": "",
                "keep_hugepages": false,
                "shared": 0
              }
            ],
            "migrate": false,
            "name": "cp-02",
            "network_device": [
              {
                "bridge": "vmbr0",
                "disconnected": false,
                "enabled": true,
                "firewall": true,
                "mac_address": "BC:24:11:AC:A9:4A",
                "model": "virtio",
                "mtu": 0,
                "queues": 2,
                "rate_limit": 0,
                "trunks": "",
                "vlan_id": 0
              }
            ],
            "network_interface_names": [
              "lo",
              "enp6s18",
              "cilium_net",
              "cilium_host",
              "cilium_vxlan",
              "lxc_health",
              "lxcc1f733dab421"
            ],
            "node_name": "pve02",
            "numa": [],
            "on_boot": false,
            "operating_system": [
              {
                "type": "l26"
              }
            ],
            "pool_id": "",
            "protection": false,
            "purge_on_destroy": true,
            "reboot": false,
            "reboot_after_update": true,
            "rng": [],
            "scsi_hardware": "virtio-scsi-single",
            "serial_device": [],
            "smbios": [],
            "started": true,
            "startup": [],
            "stop_on_destroy": false,
            "tablet_device": true,
            "tags": [],
            "template": false,
            "timeout_clone": 1800,
            "timeout_create": 1800,
            "timeout_migrate": 1800,
            "timeout_move_disk": 1800,
            "timeout_reboot": 1800,
            "timeout_shutdown_vm": 1800,
            "timeout_start_vm": 1800,
            "timeout_stop_vm": 300,
            "tpm_state": [],
            "usb": [],
            "vga": [],
            "virtiofs": [],
            "vm_id": 103,
            "watchdog": []
          },
          "sensitive_attributes": [],
          "identity_schema_version": 0,
          "private": "bnVsbA=="
        }
      ]
    },
    {
      "mode": "managed",
      "type": "proxmox_virtual_environment_vm",
      "name": "web_server-cp03",
      "provider": "provider[\"registry.terraform.io/bpg/proxmox\"]",
      "instances": [
        {
          "schema_version": 0,
          "attributes": {
            "acpi": true,
            "agent": [
              {
                "enabled": true,
                "timeout": "15m",
                "trim": false,
                "type": "virtio",
                "wait_for_ip": []
              }
            ],
            "amd_sev": [],
            "audio_device": [],
            "bios": "ovmf",
            "boot_order": [
              "scsi0",
              "ide2",
              "net0"
            ],
            "cdrom": [],
            "clone": [],
            "cpu": [
              {
                "affinity": "",
                "architecture": "",
                "cores": 2,
                "flags": [],
                "hotplugged": 0,
                "limit": 0,
                "numa": false,
                "sockets": 1,
                "type": "host",
                "units": 0
              }
            ],
            "delete_unreferenced_disks_on_destroy": true,
            "description": "",
            "disk": [
              {
                "aio": "io_uring",
                "backup": true,
                "cache": "writeback",
                "datastore_id": "local-lvm",
                "discard": "on",
                "file_format": "raw",
                "file_id": "",
                "import_from": "",
                "interface": "scsi0",
                "iothread": true,
                "path_in_datastore": "vm-105-disk-1",
                "replicate": true,
                "serial": "",
                "size": 32,
                "speed": [],
                "ssd": false
              }
            ],
            "efi_disk": [
              {
                "datastore_id": "local-lvm",
                "file_format": "raw",
                "pre_enrolled_keys": false,
                "type": "4m"
              }
            ],
            "hook_script_file_id": null,
            "hostpci": [],
            "hotplug": null,
            "id": "105",
            "initialization": [],
            "ipv4_addresses": [
              [
                "127.0.0.1"
              ],
              [
                "192.168.0.214"
              ],
              [],
              [
                "10.244.3.156"
              ],
              [],
              [],
              [],
              []
            ],
            "ipv6_addresses": [
              [
                "::1"
              ],
              [
                "2001:8004:55f0:317::9dd",
                "2001:8004:55f0:317:be24:11ff:fedd:2b75",
                "fe80::be24:11ff:fedd:2b75"
              ],
              [
                "fe80::d896:65ff:fe05:f270"
              ],
              [
                "fe80::5412:43ff:feba:f822"
              ],
              [
                "fe80::40dd:34ff:fe73:26f9"
              ],
              [
                "fe80::24a0:61ff:fed9:511a"
              ],
              [
                "fe80::d065:e9ff:fe3d:e69c"
              ],
              [
                "fe80::c0f:a4ff:fe35:afb0"
              ]
            ],
            "keyboard_layout": "en-us",
            "kvm_arguments": "",
            "mac_addresses": [
              "00:00:00:00:00:00",
              "BC:24:11:DD:2B:75",
              "DA:96:65:05:F2:70",
              "56:12:43:BA:F8:22",
              "42:DD:34:73:26:F9",
              "26:A0:61:D9:51:1A",
              "D2:65:E9:3D:E6:9C",
              "0E:0F:A4:35:AF:B0"
            ],
            "machine": "q35",
            "memory": [
              {
                "dedicated": 7168,
                "floating": 0,
                "hugepages": "",
                "keep_hugepages": false,
                "shared": 0
              }
            ],
            "migrate": false,
            "name": "cp-03",
            "network_device": [
              {
                "bridge": "vmbr0",
                "disconnected": false,
                "enabled": true,
                "firewall": false,
                "mac_address": "BC:24:11:DD:2B:75",
                "model": "virtio",
                "mtu": 0,
                "queues": 2,
                "rate_limit": 0,
                "trunks": "",
                "vlan_id": 0
              }
            ],
            "network_interface_names": [
              "lo",
              "enp6s18",
              "cilium_net",
              "cilium_host",
              "cilium_vxlan",
              "lxc_health",
              "lxcdd7a1d447937",
              "lxcf137385f7906"
            ],
            "node_name": "pve03",
            "numa": [],
            "on_boot": false,
            "operating_system": [
              {
                "type": "l26"
              }
            ],
            "pool_id": "",
            "protection": false,
            "purge_on_destroy": true,
            "reboot": false,
            "reboot_after_update": true,
            "rng": [],
            "scsi_hardware": "virtio-scsi-single",
            "serial_device": [],
            "smbios": [],
            "started": true,
            "startup": [],
            "stop_on_destroy": false,
            "tablet_device": true,
            "tags": [],
            "template": false,
            "timeout_clone": 1800,
            "timeout_create": 1800,
            "timeout_migrate": 1800,
            "timeout_move_disk": 1800,
            "timeout_reboot": 1800,
            "timeout_shutdown_vm": 1800,
            "timeout_start_vm": 1800,
            "timeout_stop_vm": 300,
            "tpm_state": [],
            "usb": [],
            "vga": [],
            "virtiofs": [],
            "vm_id": 105,
            "watchdog": []
          },
          "sensitive_attributes": [],
          "identity_schema_version": 0,
          "private": "bnVsbA=="
        }
      ]
    },
    {
      "mode": "managed",
      "type": "proxmox_virtual_environment_vm",
      "name": "web_server-wk01",
      "provider": "provider[\"registry.terraform.io/bpg/proxmox\"]",
      "instances": [
        {
          "schema_version": 0,
          "attributes": {
            "acpi": true,
            "agent": [
              {
                "enabled": true,
                "timeout": "15m",
                "trim": false,
                "type": "virtio",
                "wait_for_ip": []
              }
            ],
            "amd_sev": [],
            "audio_device": [],
            "bios": "ovmf",
            "boot_order": [
              "scsi0",
              "ide2",
              "net0"
            ],
            "cdrom": [],
            "clone": [],
            "cpu": [
              {
                "affinity": "",
                "architecture": "",
                "cores": 2,
                "flags": [],
                "hotplugged": 0,
                "limit": 0,
                "numa": false,
                "sockets": 1,
                "type": "host",
                "units": 0
              }
            ],
            "delete_unreferenced_disks_on_destroy": true,
            "description": "",
            "disk": [
              {
                "aio": "io_uring",
                "backup": true,
                "cache": "writeback",
                "datastore_id": "local-lvm",
                "discard": "on",
                "file_format": "raw",
                "file_id": "",
                "import_from": "",
                "interface": "scsi0",
                "iothread": true,
                "path_in_datastore": "vm-102-disk-1",
                "replicate": true,
                "serial": "",
                "size": 32,
                "speed": [],
                "ssd": false
              }
            ],
            "efi_disk": [
              {
                "datastore_id": "local-lvm",
                "file_format": "raw",
                "pre_enrolled_keys": false,
                "type": "4m"
              }
            ],
            "hook_script_file_id": null,
            "hostpci": [],
            "hotplug": null,
            "id": "102",
            "initialization": [],
            "ipv4_addresses": [
              [
                "127.0.0.1"
              ],
              [
                "192.168.0.221"
              ],
              [],
              [
                "10.244.4.146"
              ],
              [],
              [],
              [],
              [],
              [],
              [],
              [],
              [],
              [],
              [],
              [],
              []
            ],
            "ipv6_addresses": [
              [
                "::1"
              ],
              [
                "2001:8004:55f0:317:be24:11ff:fe9e:9804",
                "fe80::be24:11ff:fe9e:9804"
              ],
              [
                "fe80::476:8eff:fee0:b3ab"
              ],
              [
                "fe80::e008:61ff:fe1c:258d"
              ],
              [
                "fe80::a450:b2ff:fef7:7440"
              ],
              [
                "fe80::680b:77ff:fe25:d9fc"
              ],
              [
                "fe80::1894:44ff:fea4:cb10"
              ],
              [
                "fe80::cc9d:96ff:fe1f:c1b"
              ],
              [
                "fe80::ccbc:21ff:fe92:148b"
              ],
              [
                "fe80::f476:b2ff:fe39:fe98"
              ],
              [
                "fe80::9066:c3ff:feeb:484b"
              ],
              [
                "fe80::2409:b5ff:fe88:7347"
              ],
              [
                "fe80::b42c:95ff:feb6:b621"
              ],
              [
                "fe80::301b:acff:feab:7405"
              ],
              [
                "fe80::6cbb:63ff:fed4:1d9b"
              ],
              [
                "fe80::3049:1bff:feb7:36d6"
              ]
            ],
            "keyboard_layout": "en-us",
            "kvm_arguments": "",
            "mac_addresses": [
              "00:00:00:00:00:00",
              "BC:24:11:9E:98:04",
              "06:76:8E:E0:B3:AB",
              "E2:08:61:1C:25:8D",
              "A6:50:B2:F7:74:40",
              "6A:0B:77:25:D9:FC",
              "1A:94:44:A4:CB:10",
              "CE:9D:96:1F:0C:1B",
              "CE:BC:21:92:14:8B",
              "F6:76:B2:39:FE:98",
              "92:66:C3:EB:48:4B",
              "26:09:B5:88:73:47",
              "B6:2C:95:B6:B6:21",
              "32:1B:AC:AB:74:05",
              "6E:BB:63:D4:1D:9B",
              "32:49:1B:B7:36:D6"
            ],
            "machine": "q35",
            "memory": [
              {
                "dedicated": 12288,
                "floating": 0,
                "hugepages": "",
                "keep_hugepages": false,
                "shared": 0
              }
            ],
            "migrate": false,
            "name": "wk-01",
            "network_device": [
              {
                "bridge": "vmbr0",
                "disconnected": false,
                "enabled": true,
                "firewall": false,
                "mac_address": "BC:24:11:9E:98:04",
                "model": "virtio",
                "mtu": 0,
                "queues": 2,
                "rate_limit": 0,
                "trunks": "",
                "vlan_id": 0
              }
            ],
            "network_interface_names": [
              "lo",
              "enp6s18",
              "cilium_net",
              "cilium_host",
              "cilium_vxlan",
              "lxc_health",
              "lxcccd41b1fe729",
              "lxc169092ccf06e",
              "lxc4fa9e9b9e52f",
              "lxcf766d271fdd2",
              "lxc71fbfc85a3cf",
              "lxca80e0fcc699b",
              "lxc2b86d657c84c",
              "lxc56978bcddfdb",
              "lxc36ec13764473",
              "lxc6442f1e26a16"
            ],
            "node_name": "pve01",
            "numa": [],
            "on_boot": false,
            "operating_system": [
              {
                "type": "l26"
              }
            ],
            "pool_id": "",
            "protection": false,
            "purge_on_destroy": true,
            "reboot": false,
            "reboot_after_update": true,
            "rng": [],
            "scsi_hardware": "virtio-scsi-single",
            "serial_device": [],
            "smbios": [],
            "started": true,
            "startup": [],
            "stop_on_destroy": false,
            "tablet_device": true,
            "tags": [],
            "template": false,
            "timeout_clone": 1800,
            "timeout_create": 1800,
            "timeout_migrate": 1800,
            "timeout_move_disk": 1800,
            "timeout_reboot": 1800,
            "timeout_shutdown_vm": 1800,
            "timeout_start_vm": 1800,
            "timeout_stop_vm": 300,
            "tpm_state": [],
            "usb": [],
            "vga": [],
            "virtiofs": [],
            "vm_id": 102,
            "watchdog": []
          },
          "sensitive_attributes": [],
          "identity_schema_version": 0,
          "private": "bnVsbA=="
        }
      ]
    },
    {
      "mode": "managed",
      "type": "proxmox_virtual_environment_vm",
      "name": "web_server-wk02",
      "provider": "provider[\"registry.terraform.io/bpg/proxmox\"]",
      "instances": [
        {
          "schema_version": 0,
          "attributes": {
            "acpi": true,
            "agent": [
              {
                "enabled": true,
                "timeout": "15m",
                "trim": false,
                "type": "virtio",
                "wait_for_ip": []
              }
            ],
            "amd_sev": [],
            "audio_device": [],
            "bios": "ovmf",
            "boot_order": [
              "scsi0",
              "ide2",
              "net0"
            ],
            "cdrom": [],
            "clone": [],
            "cpu": [
              {
                "affinity": "",
                "architecture": "",
                "cores": 2,
                "flags": [],
                "hotplugged": 0,
                "limit": 0,
                "numa": false,
                "sockets": 1,
                "type": "host",
                "units": 0
              }
            ],
            "delete_unreferenced_disks_on_destroy": true,
            "description": "",
            "disk": [
              {
                "aio": "io_uring",
                "backup": true,
                "cache": "writeback",
                "datastore_id": "local-lvm",
                "discard": "on",
                "file_format": "raw",
                "file_id": "",
                "import_from": "",
                "interface": "scsi0",
                "iothread": true,
                "path_in_datastore": "vm-104-disk-1",
                "replicate": true,
                "serial": "",
                "size": 32,
                "speed": [],
                "ssd": false
              }
            ],
            "efi_disk": [
              {
                "datastore_id": "local-lvm",
                "file_format": "raw",
                "pre_enrolled_keys": false,
                "type": "4m"
              }
            ],
            "hook_script_file_id": null,
            "hostpci": [],
            "hotplug": null,
            "id": "104",
            "initialization": [],
            "ipv4_addresses": [
              [
                "127.0.0.1"
              ],
              [
                "192.168.0.222"
              ],
              [],
              [
                "10.244.5.45"
              ],
              [],
              [],
              [],
              [],
              [],
              [],
              [],
              [],
              [],
              [],
              [],
              []
            ],
            "ipv6_addresses": [
              [
                "::1"
              ],
              [
                "2001:8004:55f0:317:be24:11ff:fee8:6824",
                "fe80::be24:11ff:fee8:6824"
              ],
              [
                "fe80::3ce4:95ff:feee:4b66"
              ],
              [
                "fe80::1803:47ff:fe05:f645"
              ],
              [
                "fe80::ccf4:d4ff:fe2b:2464"
              ],
              [
                "fe80::28a2:1cff:fe48:ad13"
              ],
              [
                "fe80::d0c0:d4ff:fe3b:3c80"
              ],
              [
                "fe80::14c3:19ff:fe79:4bb3"
              ],
              [
                "fe80::e41f:eff:fed9:9f7"
              ],
              [
                "fe80::cc:36ff:fee7:dc84"
              ],
              [
                "fe80::471:84ff:feb3:ebae"
              ],
              [
                "fe80::a826:8bff:fe21:39f6"
              ],
              [
                "fe80::a01a:90ff:fe8b:afef"
              ],
              [
                "fe80::78dd:e1ff:fe7b:39e5"
              ],
              [
                "fe80::3465:1eff:feae:5cd7"
              ],
              [
                "fe80::81d:3ff:fe22:c5d7"
              ]
            ],
            "keyboard_layout": "en-us",
            "kvm_arguments": "",
            "mac_addresses": [
              "00:00:00:00:00:00",
              "BC:24:11:E8:68:24",
              "3E:E4:95:EE:4B:66",
              "1A:03:47:05:F6:45",
              "CE:F4:D4:2B:24:64",
              "2A:A2:1C:48:AD:13",
              "D2:C0:D4:3B:3C:80",
              "16:C3:19:79:4B:B3",
              "E6:1F:0E:D9:09:F7",
              "02:CC:36:E7:DC:84",
              "06:71:84:B3:EB:AE",
              "AA:26:8B:21:39:F6",
              "A2:1A:90:8B:AF:EF",
              "7A:DD:E1:7B:39:E5",
              "36:65:1E:AE:5C:D7",
              "0A:1D:03:22:C5:D7"
            ],
            "machine": "q35",
            "memory": [
              {
                "dedicated": 12288,
                "floating": 0,
                "hugepages": "",
                "keep_hugepages": false,
                "shared": 0
              }
            ],
            "migrate": false,
            "name": "wk-02",
            "network_device": [
              {
                "bridge": "vmbr0",
                "disconnected": false,
                "enabled": true,
                "firewall": true,
                "mac_address": "BC:24:11:E8:68:24",
                "model": "virtio",
                "mtu": 0,
                "queues": 2,
                "rate_limit": 0,
                "trunks": "",
                "vlan_id": 0
              }
            ],
            "network_interface_names": [
              "lo",
              "enp6s18",
              "cilium_net",
              "cilium_host",
              "cilium_vxlan",
              "lxc_health",
              "lxcb0d80be7dd47",
              "lxc8387bddf21f3",
              "lxcb2b0b1fac1d8",
              "lxc09a2acbcdc10",
              "lxcde6c889819a8",
              "lxc2c0d2bd5ca74",
              "lxc9453024fba80",
              "lxcd001869a3573",
              "lxc34c2b46b4b2c",
              "lxcbf0db2c5b8f7"
            ],
            "node_name": "pve02",
            "numa": [],
            "on_boot": false,
            "operating_system": [
              {
                "type": "l26"
              }
            ],
            "pool_id": "",
            "protection": false,
            "purge_on_destroy": true,
            "reboot": false,
            "reboot_after_update": true,
            "rng": [],
            "scsi_hardware": "virtio-scsi-single",
            "serial_device": [],
            "smbios": [],
            "started": true,
            "startup": [],
            "stop_on_destroy": false,
            "tablet_device": true,
            "tags": [],
            "template": false,
            "timeout_clone": 1800,
            "timeout_create": 1800,
            "timeout_migrate": 1800,
            "timeout_move_disk": 1800,
            "timeout_reboot": 1800,
            "timeout_shutdown_vm": 1800,
            "timeout_start_vm": 1800,
            "timeout_stop_vm": 300,
            "tpm_state": [],
            "usb": [],
            "vga": [],
            "virtiofs": [],
            "vm_id": 104,
            "watchdog": []
          },
          "sensitive_attributes": [],
          "identity_schema_version": 0,
          "private": "bnVsbA=="
        }
      ]
    },
    {
      "mode": "managed",
      "type": "proxmox_virtual_environment_vm",
      "name": "web_server-wk03",
      "provider": "provider[\"registry.terraform.io/bpg/proxmox\"]",
      "instances": [
        {
          "schema_version": 0,
          "attributes": {
            "acpi": true,
            "agent": [
              {
                "enabled": true,
                "timeout": "15m",
                "trim": false,
                "type": "virtio",
                "wait_for_ip": []
              }
            ],
            "amd_sev": [],
            "audio_device": [],
            "bios": "ovmf",
            "boot_order": [
              "scsi0",
              "ide2",
              "net0"
            ],
            "cdrom": [],
            "clone": [],
            "cpu": [
              {
                "affinity": "",
                "architecture": "",
                "cores": 2,
                "flags": [],
                "hotplugged": 0,
                "limit": 0,
                "numa": false,
                "sockets": 1,
                "type": "host",
                "units": 0
              }
            ],
            "delete_unreferenced_disks_on_destroy": true,
            "description": "",
            "disk": [
              {
                "aio": "io_uring",
                "backup": true,
                "cache": "writeback",
                "datastore_id": "local-lvm",
                "discard": "on",
                "file_format": "raw",
                "file_id": "",
                "import_from": "",
                "interface": "scsi0",
                "iothread": true,
                "path_in_datastore": "vm-106-disk-1",
                "replicate": true,
                "serial": "",
                "size": 32,
                "speed": [],
                "ssd": false
              }
            ],
            "efi_disk": [
              {
                "datastore_id": "local-lvm",
                "file_format": "raw",
                "pre_enrolled_keys": false,
                "type": "4m"
              }
            ],
            "hook_script_file_id": null,
            "hostpci": [],
            "hotplug": null,
            "id": "106",
            "initialization": [],
            "ipv4_addresses": [
              [
                "127.0.0.1"
              ],
              [
                "192.168.0.223"
              ],
              [],
              [
                "10.244.2.76"
              ],
              [],
              [],
              [],
              [],
              [],
              [],
              [],
              [],
              [],
              [],
              [],
              [],
              [],
              [],
              [],
              [],
              [],
              [],
              [],
              [],
              [],
              [],
              [],
              [],
              [],
              [],
              [],
              [],
              [],
              [],
              [],
              [],
              [],
              [],
              [],
              [],
              [],
              [],
              [],
              [],
              [],
              [],
              [],
              [],
              [],
              [],
              []
            ],
            "ipv6_addresses": [
              [
                "::1"
              ],
              [
                "2001:8004:55f0:317::b19",
                "2001:8004:55f0:317:be24:11ff:fe6e:70e0",
                "fe80::be24:11ff:fe6e:70e0"
              ],
              [
                "fe80::7432:98ff:fe49:c34a"
              ],
              [
                "fe80::b4c8:7ff:feac:3283"
              ],
              [
                "fe80::6c65:fcff:fe72:3a87"
              ],
              [
                "fe80::f4e6:e9ff:fec8:b71d"
              ],
              [
                "fe80::ac85:f5ff:fea5:1623"
              ],
              [
                "fe80::f056:5cff:fe02:8319"
              ],
              [
                "fe80::4468:6eff:fe59:9eeb"
              ],
              [
                "fe80::48f2:b3ff:feb8:fd42"
              ],
              [
                "fe80::b4:2aff:fecc:b444"
              ],
              [
                "fe80::105c:51ff:fe5d:f640"
              ],
              [
                "fe80::9c83:f2ff:fe75:8289"
              ],
              [
                "fe80::3449:89ff:fe97:ee6a"
              ],
              [
                "fe80::348b:b3ff:fef3:7947"
              ],
              [
                "fe80::b0b1:92ff:feb0:1f6c"
              ],
              [
                "fe80::d401:58ff:fe0a:f3f5"
              ],
              [
                "fe80::544e:79ff:fea3:ec16"
              ],
              [
                "fe80::8d8:a2ff:fe32:1771"
              ],
              [
                "fe80::dccf:2eff:fe8e:2a23"
              ],
              [
                "fe80::1050:c5ff:fede:fe00"
              ],
              [
                "fe80::f4c2:a0ff:fef7:6e78"
              ],
              [
                "fe80::a821:b1ff:fed8:5b28"
              ],
              [
                "fe80::8462:e3ff:fe98:ca3a"
              ],
              [
                "fe80::c0b:71ff:febd:b8ba"
              ],
              [
                "fe80::a89f:4fff:fe72:29ff"
              ],
              [
                "fe80::a472:88ff:fef7:7c5e"
              ],
              [
                "fe80::64e8:b7ff:fef5:c212"
              ],
              [
                "fe80::4c9:d1ff:fede:b2f9"
              ],
              [
                "fe80::a424:35ff:fe26:d077"
              ],
              [
                "fe80::44a3:55ff:fe76:a832"
              ],
              [
                "fe80::d43c:c8ff:fe8b:cc8"
              ],
              [
                "fe80::88c5:5cff:fe49:8234"
              ],
              [
                "fe80::a4e1:a5ff:feb3:9a18"
              ],
              [
                "fe80::ac1d:28ff:fe74:1f2f"
              ],
              [
                "fe80::d4b7:dfff:fe47:8d65"
              ],
              [
                "fe80::2cd7:a8ff:feff:f4f"
              ],
              [
                "fe80::483d:48ff:fe09:b020"
              ],
              [
                "fe80::a062:7ff:febf:802c"
              ],
              [
                "fe80::34c1:3eff:fe81:e033"
              ],
              [
                "fe80::1827:11ff:fe12:3640"
              ],
              [
                "fe80::405f:1eff:fe24:7a93"
              ],
              [
                "fe80::4d:cfff:fe70:230f"
              ],
              [
                "fe80::fc9a:49ff:feab:8a4b"
              ],
              [
                "fe80::f85c:17ff:fe1b:a0bf"
              ],
              [
                "fe80::4482:42ff:fe23:ade4"
              ],
              [
                "fe80::1045:51ff:fe6a:1b79"
              ],
              [
                "fe80::a04e:4fff:fe42:e392"
              ],
              [
                "fe80::102d:7aff:fe83:93c0"
              ],
              [
                "fe80::6cd1:6aff:feef:694e"
              ],
              [
                "fe80::2844:3dff:fedd:df1e"
              ]
            ],
            "keyboard_layout": "en-us",
            "kvm_arguments": "",
            "mac_addresses": [
              "00:00:00:00:00:00",
              "BC:24:11:6E:70:E0",
              "76:32:98:49:C3:4A",
              "B6:C8:07:AC:32:83",
              "6E:65:FC:72:3A:87",
              "F6:E6:E9:C8:B7:1D",
              "AE:85:F5:A5:16:23",
              "F2:56:5C:02:83:19",
              "46:68:6E:59:9E:EB",
              "4A:F2:B3:B8:FD:42",
              "02:B4:2A:CC:B4:44",
              "12:5C:51:5D:F6:40",
              "9E:83:F2:75:82:89",
              "36:49:89:97:EE:6A",
              "36:8B:B3:F3:79:47",
              "B2:B1:92:B0:1F:6C",
              "D6:01:58:0A:F3:F5",
              "56:4E:79:A3:EC:16",
              "0A:D8:A2:32:17:71",
              "DE:CF:2E:8E:2A:23",
              "12:50:C5:DE:FE:00",
              "F6:C2:A0:F7:6E:78",
              "AA:21:B1:D8:5B:28",
              "86:62:E3:98:CA:3A",
              "0E:0B:71:BD:B8:BA",
              "AA:9F:4F:72:29:FF",
              "A6:72:88:F7:7C:5E",
              "66:E8:B7:F5:C2:12",
              "06:C9:D1:DE:B2:F9",
              "A6:24:35:26:D0:77",
              "46:A3:55:76:A8:32",
              "D6:3C:C8:8B:0C:C8",
              "8A:C5:5C:49:82:34",
              "A6:E1:A5:B3:9A:18",
              "AE:1D:28:74:1F:2F",
              "D6:B7:DF:47:8D:65",
              "2E:D7:A8:FF:0F:4F",
              "4A:3D:48:09:B0:20",
              "A2:62:07:BF:80:2C",
              "36:C1:3E:81:E0:33",
              "1A:27:11:12:36:40",
              "42:5F:1E:24:7A:93",
              "02:4D:CF:70:23:0F",
              "FE:9A:49:AB:8A:4B",
              "FA:5C:17:1B:A0:BF",
              "46:82:42:23:AD:E4",
              "12:45:51:6A:1B:79",
              "A2:4E:4F:42:E3:92",
              "12:2D:7A:83:93:C0",
              "6E:D1:6A:EF:69:4E",
              "2A:44:3D:DD:DF:1E"
            ],
            "machine": "q35",
            "memory": [
              {
                "dedicated": 12288,
                "floating": 0,
                "hugepages": "",
                "keep_hugepages": false,
                "shared": 0
              }
            ],
            "migrate": false,
            "name": "wk-03",
            "network_device": [
              {
                "bridge": "vmbr0",
                "disconnected": false,
                "enabled": true,
                "firewall": false,
                "mac_address": "BC:24:11:6E:70:E0",
                "model": "virtio",
                "mtu": 0,
                "queues": 2,
                "rate_limit": 0,
                "trunks": "",
                "vlan_id": 0
              }
            ],
            "network_interface_names": [
              "lo",
              "enp6s18",
              "cilium_net",
              "cilium_host",
              "cilium_vxlan",
              "lxc_health",
              "lxca8a11f9c0ade",
              "lxca6ba1b9a43c9",
              "lxcfb8b8b880b6d",
              "lxcb4f09d0b81f4",
              "lxc658e89e00cee",
              "lxc2bde139ad6f3",
              "lxcb337c5f76dce",
              "lxc81bf8fcfcaef",
              "lxcf46800e393ca",
              "lxcf5b64f224e33",
              "lxc63fd75d056c5",
              "lxcfbf8b8d1ddf4",
              "lxc5dcd04aa2d73",
              "lxc58022012827d",
              "lxc6b611a1645d0",
              "lxc16ce92a53dc4",
              "lxcfafb0d7ecaf0",
              "lxc8635c6a974a9",
              "lxc7601b1b43e33",
              "lxc0af31a0bafc5",
              "lxce25d2313c717",
              "lxcbcb46ca78031",
              "lxc90c4add579ba",
              "lxc07d24030c53a",
              "lxcebc6249300e5",
              "lxcaf3426522e18",
              "lxc3b0700bf0530",
              "lxc6811aeea7896",
              "lxcbd0874184a8b",
              "lxc0b42c6672ac0",
              "lxcc3a005ecd54e",
              "lxcf05881a55ced",
              "lxc0c137f84905d",
              "lxcb8e04f7df3a7",
              "lxc2e24121085ee",
              "lxcb1cca25e424d",
              "lxcac20777523ac",
              "lxc3d6d6d68a0d7",
              "lxc0b300f535c1e",
              "lxcfdbc5a17c9f9",
              "lxc94a00d302441",
              "lxc7979f2dca497",
              "lxcd70c2e2542cc",
              "lxc1bd53df4dd1c",
              "lxc4fd3e39d2391"
            ],
            "node_name": "pve03",
            "numa": [],
            "on_boot": false,
            "operating_system": [
              {
                "type": "l26"
              }
            ],
            "pool_id": "",
            "protection": false,
            "purge_on_destroy": true,
            "reboot": false,
            "reboot_after_update": true,
            "rng": [],
            "scsi_hardware": "virtio-scsi-single",
            "serial_device": [],
            "smbios": [],
            "started": true,
            "startup": [],
            "stop_on_destroy": false,
            "tablet_device": true,
            "tags": [],
            "template": false,
            "timeout_clone": 1800,
            "timeout_create": 1800,
            "timeout_migrate": 1800,
            "timeout_move_disk": 1800,
            "timeout_reboot": 1800,
            "timeout_shutdown_vm": 1800,
            "timeout_start_vm": 1800,
            "timeout_stop_vm": 300,
            "tpm_state": [],
            "usb": [],
            "vga": [],
            "virtiofs": [],
            "vm_id": 106,
            "watchdog": []
          },
          "sensitive_attributes": [],
          "identity_schema_version": 0,
          "private": "bnVsbA=="
        }
      ]
    }
  ],
  "check_results": null
}
